// !$*UTF8*$!
{
	archiveVersion = 1;
	classes = {
	};
	objectVersion = 50;
	objects = {

/* Begin PBXBuildFile section */
		CF52BF9B20ACD5A000DF5E02 /* MemeCollectionViewController.swift in Sources */ = {isa = PBXBuildFile; fileRef = CF52BF9A20ACD5A000DF5E02 /* MemeCollectionViewController.swift */; };
		CF52BF9D20ACE86F00DF5E02 /* MemeTableViewController.swift in Sources */ = {isa = PBXBuildFile; fileRef = CF52BF9C20ACE86F00DF5E02 /* MemeTableViewController.swift */; };
		CF52BF9F20ACEA5200DF5E02 /* MemeTableViewCell.swift in Sources */ = {isa = PBXBuildFile; fileRef = CF52BF9E20ACEA5200DF5E02 /* MemeTableViewCell.swift */; };
		CF52BFA320ACEAA300DF5E02 /* MemeCollectionViewCell.swift in Sources */ = {isa = PBXBuildFile; fileRef = CF52BFA220ACEAA300DF5E02 /* MemeCollectionViewCell.swift */; };
		CF52BFA520ACFB8400DF5E02 /* MemeDetailViewController.swift in Sources */ = {isa = PBXBuildFile; fileRef = CF52BFA420ACFB8400DF5E02 /* MemeDetailViewController.swift */; };
		CFD54E1420A4B8CA007D25DD /* AppDelegate.swift in Sources */ = {isa = PBXBuildFile; fileRef = CFD54E1320A4B8CA007D25DD /* AppDelegate.swift */; };
		CFD54E1620A4B8CA007D25DD /* MemeEditorViewController.swift in Sources */ = {isa = PBXBuildFile; fileRef = CFD54E1520A4B8CA007D25DD /* MemeEditorViewController.swift */; };
		CFD54E1920A4B8CA007D25DD /* Main.storyboard in Resources */ = {isa = PBXBuildFile; fileRef = CFD54E1720A4B8CA007D25DD /* Main.storyboard */; };
		CFD54E1B20A4B8CB007D25DD /* Assets.xcassets in Resources */ = {isa = PBXBuildFile; fileRef = CFD54E1A20A4B8CB007D25DD /* Assets.xcassets */; };
		CFD54E1E20A4B8CB007D25DD /* LaunchScreen.storyboard in Resources */ = {isa = PBXBuildFile; fileRef = CFD54E1C20A4B8CB007D25DD /* LaunchScreen.storyboard */; };
		CFD54E2620A4D809007D25DD /* Meme.swift in Sources */ = {isa = PBXBuildFile; fileRef = CFD54E2520A4D809007D25DD /* Meme.swift */; };
		CFD54E2B20A602A7007D25DD /* MemeTextField.swift in Sources */ = {isa = PBXBuildFile; fileRef = CFD54E2A20A602A7007D25DD /* MemeTextField.swift */; };
/* End PBXBuildFile section */

/* Begin PBXFileReference section */
		CF52BF9A20ACD5A000DF5E02 /* MemeCollectionViewController.swift */ = {isa = PBXFileReference; lastKnownFileType = sourcecode.swift; path = MemeCollectionViewController.swift; sourceTree = "<group>"; };
		CF52BF9C20ACE86F00DF5E02 /* MemeTableViewController.swift */ = {isa = PBXFileReference; lastKnownFileType = sourcecode.swift; path = MemeTableViewController.swift; sourceTree = "<group>"; };
		CF52BF9E20ACEA5200DF5E02 /* MemeTableViewCell.swift */ = {isa = PBXFileReference; lastKnownFileType = sourcecode.swift; path = MemeTableViewCell.swift; sourceTree = "<group>"; };
		CF52BFA220ACEAA300DF5E02 /* MemeCollectionViewCell.swift */ = {isa = PBXFileReference; lastKnownFileType = sourcecode.swift; path = MemeCollectionViewCell.swift; sourceTree = "<group>"; };
		CF52BFA420ACFB8400DF5E02 /* MemeDetailViewController.swift */ = {isa = PBXFileReference; lastKnownFileType = sourcecode.swift; path = MemeDetailViewController.swift; sourceTree = "<group>"; };
		CFD54E1020A4B8CA007D25DD /* MemeMe.app */ = {isa = PBXFileReference; explicitFileType = wrapper.application; includeInIndex = 0; path = MemeMe.app; sourceTree = BUILT_PRODUCTS_DIR; };
		CFD54E1320A4B8CA007D25DD /* AppDelegate.swift */ = {isa = PBXFileReference; lastKnownFileType = sourcecode.swift; path = AppDelegate.swift; sourceTree = "<group>"; };
		CFD54E1520A4B8CA007D25DD /* MemeEditorViewController.swift */ = {isa = PBXFileReference; lastKnownFileType = sourcecode.swift; path = MemeEditorViewController.swift; sourceTree = "<group>"; };
		CFD54E1820A4B8CA007D25DD /* Base */ = {isa = PBXFileReference; lastKnownFileType = file.storyboard; name = Base; path = Base.lproj/Main.storyboard; sourceTree = "<group>"; };
		CFD54E1A20A4B8CB007D25DD /* Assets.xcassets */ = {isa = PBXFileReference; lastKnownFileType = folder.assetcatalog; path = Assets.xcassets; sourceTree = "<group>"; };
		CFD54E1D20A4B8CB007D25DD /* Base */ = {isa = PBXFileReference; lastKnownFileType = file.storyboard; name = Base; path = Base.lproj/LaunchScreen.storyboard; sourceTree = "<group>"; };
		CFD54E1F20A4B8CB007D25DD /* Info.plist */ = {isa = PBXFileReference; lastKnownFileType = text.plist.xml; path = Info.plist; sourceTree = "<group>"; };
		CFD54E2520A4D809007D25DD /* Meme.swift */ = {isa = PBXFileReference; lastKnownFileType = sourcecode.swift; path = Meme.swift; sourceTree = "<group>"; };
		CFD54E2A20A602A7007D25DD /* MemeTextField.swift */ = {isa = PBXFileReference; lastKnownFileType = sourcecode.swift; path = MemeTextField.swift; sourceTree = "<group>"; };
/* End PBXFileReference section */

/* Begin PBXFrameworksBuildPhase section */
		CFD54E0D20A4B8CA007D25DD /* Frameworks */ = {
			isa = PBXFrameworksBuildPhase;
			buildActionMask = 2147483647;
			files = (
			);
			runOnlyForDeploymentPostprocessing = 0;
		};
/* End PBXFrameworksBuildPhase section */

/* Begin PBXGroup section */
		CFD54E0720A4B8CA007D25DD = {
			isa = PBXGroup;
			children = (
				CFD54E1220A4B8CA007D25DD /* MemeMe */,
				CFD54E1120A4B8CA007D25DD /* Products */,
			);
			sourceTree = "<group>";
		};
		CFD54E1120A4B8CA007D25DD /* Products */ = {
			isa = PBXGroup;
			children = (
				CFD54E1020A4B8CA007D25DD /* MemeMe.app */,
			);
			name = Products;
			sourceTree = "<group>";
		};
		CFD54E1220A4B8CA007D25DD /* MemeMe */ = {
			isa = PBXGroup;
			children = (
				CFD54E1320A4B8CA007D25DD /* AppDelegate.swift */,
				CFD54E2820A60236007D25DD /* Model */,
				CFD54E2720A6020F007D25DD /* View */,
				CFD54E2920A60240007D25DD /* Controller */,
				CFD54E1720A4B8CA007D25DD /* Main.storyboard */,
				CFD54E1C20A4B8CB007D25DD /* LaunchScreen.storyboard */,
				CFD54E1A20A4B8CB007D25DD /* Assets.xcassets */,
				CFD54E1F20A4B8CB007D25DD /* Info.plist */,
			);
			path = MemeMe;
			sourceTree = "<group>";
		};
		CFD54E2720A6020F007D25DD /* View */ = {
			isa = PBXGroup;
			children = (
				CF52BF9E20ACEA5200DF5E02 /* MemeTableViewCell.swift */,
				CF52BFA220ACEAA300DF5E02 /* MemeCollectionViewCell.swift */,
				CFD54E2A20A602A7007D25DD /* MemeTextField.swift */,
			);
			path = View;
			sourceTree = "<group>";
		};
		CFD54E2820A60236007D25DD /* Model */ = {
			isa = PBXGroup;
			children = (
				CFD54E2520A4D809007D25DD /* Meme.swift */,
			);
			path = Model;
			sourceTree = "<group>";
		};
		CFD54E2920A60240007D25DD /* Controller */ = {
			isa = PBXGroup;
			children = (
				CF52BF9C20ACE86F00DF5E02 /* MemeTableViewController.swift */,
				CF52BF9A20ACD5A000DF5E02 /* MemeCollectionViewController.swift */,
				CF52BFA420ACFB8400DF5E02 /* MemeDetailViewController.swift */,
				CFD54E1520A4B8CA007D25DD /* MemeEditorViewController.swift */,
			);
			path = Controller;
			sourceTree = "<group>";
		};
/* End PBXGroup section */

/* Begin PBXNativeTarget section */
		CFD54E0F20A4B8CA007D25DD /* MemeMe */ = {
			isa = PBXNativeTarget;
			buildConfigurationList = CFD54E2220A4B8CB007D25DD /* Build configuration list for PBXNativeTarget "MemeMe" */;
			buildPhases = (
				CFD54E0C20A4B8CA007D25DD /* Sources */,
				CFD54E0D20A4B8CA007D25DD /* Frameworks */,
				CFD54E0E20A4B8CA007D25DD /* Resources */,
			);
			buildRules = (
			);
			dependencies = (
			);
			name = MemeMe;
			productName = MemeMe;
			productReference = CFD54E1020A4B8CA007D25DD /* MemeMe.app */;
			productType = "com.apple.product-type.application";
		};
/* End PBXNativeTarget section */

/* Begin PBXProject section */
		CFD54E0820A4B8CA007D25DD /* Project object */ = {
			isa = PBXProject;
			attributes = {
				LastSwiftUpdateCheck = 0930;
				LastUpgradeCheck = 0930;
				ORGANIZATIONNAME = "Bernadett Kiss";
				TargetAttributes = {
					CFD54E0F20A4B8CA007D25DD = {
						CreatedOnToolsVersion = 9.3;
					};
				};
			};
			buildConfigurationList = CFD54E0B20A4B8CA007D25DD /* Build configuration list for PBXProject "MemeMe" */;
			compatibilityVersion = "Xcode 9.3";
			developmentRegion = en;
			hasScannedForEncodings = 0;
			knownRegions = (
				en,
				Base,
			);
			mainGroup = CFD54E0720A4B8CA007D25DD;
			productRefGroup = CFD54E1120A4B8CA007D25DD /* Products */;
			projectDirPath = "";
			projectRoot = "";
			targets = (
				CFD54E0F20A4B8CA007D25DD /* MemeMe */,
			);
		};
/* End PBXProject section */

/* Begin PBXResourcesBuildPhase section */
		CFD54E0E20A4B8CA007D25DD /* Resources */ = {
			isa = PBXResourcesBuildPhase;
			buildActionMask = 2147483647;
			files = (
				CFD54E1E20A4B8CB007D25DD /* LaunchScreen.storyboard in Resources */,
				CFD54E1B20A4B8CB007D25DD /* Assets.xcassets in Resources */,
				CFD54E1920A4B8CA007D25DD /* Main.storyboard in Resources */,
			);
			runOnlyForDeploymentPostprocessing = 0;
		};
/* End PBXResourcesBuildPhase section */

/* Begin PBXSourcesBuildPhase section */
		CFD54E0C20A4B8CA007D25DD /* Sources */ = {
			isa = PBXSourcesBuildPhase;
			buildActionMask = 2147483647;
			files = (
				CFD54E2620A4D809007D25DD /* Meme.swift in Sources */,
				CFD54E1620A4B8CA007D25DD /* MemeEditorViewController.swift in Sources */,
				CF52BFA320ACEAA300DF5E02 /* MemeCollectionViewCell.swift in Sources */,
				CF52BF9B20ACD5A000DF5E02 /* MemeCollectionViewController.swift in Sources */,
				CF52BFA520ACFB8400DF5E02 /* MemeDetailViewController.swift in Sources */,
				CF52BF9D20ACE86F00DF5E02 /* MemeTableViewController.swift in Sources */,
				CF52BF9F20ACEA5200DF5E02 /* MemeTableViewCell.swift in Sources */,
				CFD54E1420A4B8CA007D25DD /* AppDelegate.swift in Sources */,
				CFD54E2B20A602A7007D25DD /* MemeTextField.swift in Sources */,
			);
			runOnlyForDeploymentPostprocessing = 0;
		};
/* End PBXSourcesBuildPhase section */

/* Begin PBXVariantGroup section */
		CFD54E1720A4B8CA007D25DD /* Main.storyboard */ = {
			isa = PBXVariantGroup;
			children = (
				CFD54E1820A4B8CA007D25DD /* Base */,
			);
			name = Main.storyboard;
			sourceTree = "<group>";
		};
		CFD54E1C20A4B8CB007D25DD /* LaunchScreen.storyboard */ = {
			isa = PBXVariantGroup;
			children = (
				CFD54E1D20A4B8CB007D25DD /* Base */,
			);
			name = LaunchScreen.storyboard;
			sourceTree = "<group>";
		};
/* End PBXVariantGroup section */

/* Begin XCBuildConfiguration section */
		CFD54E2020A4B8CB007D25DD /* Debug */ = {
			isa = XCBuildConfiguration;
			buildSettings = {
				ALWAYS_SEARCH_USER_PATHS = NO;
				CLANG_ANALYZER_NONNULL = YES;
				CLANG_ANALYZER_NUMBER_OBJECT_CONVERSION = YES_AGGRESSIVE;
				CLANG_CXX_LANGUAGE_STANDARD = "gnu++14";
				CLANG_CXX_LIBRARY = "libc++";
				CLANG_ENABLE_MODULES = YES;
				CLANG_ENABLE_OBJC_ARC = YES;
				CLANG_ENABLE_OBJC_WEAK = YES;
				CLANG_WARN_BLOCK_CAPTURE_AUTORELEASING = YES;
				CLANG_WARN_BOOL_CONVERSION = YES;
				CLANG_WARN_COMMA = YES;
				CLANG_WARN_CONSTANT_CONVERSION = YES;
				CLANG_WARN_DEPRECATED_OBJC_IMPLEMENTATIONS = YES;
				CLANG_WARN_DIRECT_OBJC_ISA_USAGE = YES_ERROR;
				CLANG_WARN_DOCUMENTATION_COMMENTS = YES;
				CLANG_WARN_EMPTY_BODY = YES;
				CLANG_WARN_ENUM_CONVERSION = YES;
				CLANG_WARN_INFINITE_RECURSION = YES;
				CLANG_WARN_INT_CONVERSION = YES;
				CLANG_WARN_NON_LITERAL_NULL_CONVERSION = YES;
				CLANG_WARN_OBJC_IMPLICIT_RETAIN_SELF = YES;
				CLANG_WARN_OBJC_LITERAL_CONVERSION = YES;
				CLANG_WARN_OBJC_ROOT_CLASS = YES_ERROR;
				CLANG_WARN_RANGE_LOOP_ANALYSIS = YES;
				CLANG_WARN_STRICT_PROTOTYPES = YES;
				CLANG_WARN_SUSPICIOUS_MOVE = YES;
				CLANG_WARN_UNGUARDED_AVAILABILITY = YES_AGGRESSIVE;
				CLANG_WARN_UNREACHABLE_CODE = YES;
				CLANG_WARN__DUPLICATE_METHOD_MATCH = YES;
				CODE_SIGN_IDENTITY = "iPhone Developer";
				COPY_PHASE_STRIP = NO;
				DEBUG_INFORMATION_FORMAT = dwarf;
				ENABLE_STRICT_OBJC_MSGSEND = YES;
				ENABLE_TESTABILITY = YES;
				GCC_C_LANGUAGE_STANDARD = gnu11;
				GCC_DYNAMIC_NO_PIC = NO;
				GCC_NO_COMMON_BLOCKS = YES;
				GCC_OPTIMIZATION_LEVEL = 0;
				GCC_PREPROCESSOR_DEFINITIONS = (
					"DEBUG=1",
					"$(inherited)",
				);
				GCC_WARN_64_TO_32_BIT_CONVERSION = YES;
				GCC_WARN_ABOUT_RETURN_TYPE = YES_ERROR;
				GCC_WARN_UNDECLARED_SELECTOR = YES;
				GCC_WARN_UNINITIALIZED_AUTOS = YES_AGGRESSIVE;
				GCC_WARN_UNUSED_FUNCTION = YES;
				GCC_WARN_UNUSED_VARIABLE = YES;
				IPHONEOS_DEPLOYMENT_TARGET = 11.3;
				MTL_ENABLE_DEBUG_INFO = YES;
				ONLY_ACTIVE_ARCH = YES;
				SDKROOT = iphoneos;
				SWIFT_ACTIVE_COMPILATION_CONDITIONS = DEBUG;
				SWIFT_OPTIMIZATION_LEVEL = "-Onone";
			};
			name = Debug;
		};
		CFD54E2120A4B8CB007D25DD /* Release */ = {
			isa = XCBuildConfiguration;
			buildSettings = {
				ALWAYS_SEARCH_USER_PATHS = NO;
				CLANG_ANALYZER_NONNULL = YES;
				CLANG_ANALYZER_NUMBER_OBJECT_CONVERSION = YES_AGGRESSIVE;
				CLANG_CXX_LANGUAGE_STANDARD = "gnu++14";
				CLANG_CXX_LIBRARY = "libc++";
				CLANG_ENABLE_MODULES = YES;
				CLANG_ENABLE_OBJC_ARC = YES;
				CLANG_ENABLE_OBJC_WEAK = YES;
				CLANG_WARN_BLOCK_CAPTURE_AUTORELEASING = YES;
				CLANG_WARN_BOOL_CONVERSION = YES;
				CLANG_WARN_COMMA = YES;
				CLANG_WARN_CONSTANT_CONVERSION = YES;
				CLANG_WARN_DEPRECATED_OBJC_IMPLEMENTATIONS = YES;
				CLANG_WARN_DIRECT_OBJC_ISA_USAGE = YES_ERROR;
				CLANG_WARN_DOCUMENTATION_COMMENTS = YES;
				CLANG_WARN_EMPTY_BODY = YES;
				CLANG_WARN_ENUM_CONVERSION = YES;
				CLANG_WARN_INFINITE_RECURSION = YES;
				CLANG_WARN_INT_CONVERSION = YES;
				CLANG_WARN_NON_LITERAL_NULL_CONVERSION = YES;
				CLANG_WARN_OBJC_IMPLICIT_RETAIN_SELF = YES;
				CLANG_WARN_OBJC_LITERAL_CONVERSION = YES;
				CLANG_WARN_OBJC_ROOT_CLASS = YES_ERROR;
				CLANG_WARN_RANGE_LOOP_ANALYSIS = YES;
				CLANG_WARN_STRICT_PROTOTYPES = YES;
				CLANG_WARN_SUSPICIOUS_MOVE = YES;
				CLANG_WARN_UNGUARDED_AVAILABILITY = YES_AGGRESSIVE;
				CLANG_WARN_UNREACHABLE_CODE = YES;
				CLANG_WARN__DUPLICATE_METHOD_MATCH = YES;
				CODE_SIGN_IDENTITY = "iPhone Developer";
				COPY_PHASE_STRIP = NO;
				DEBUG_INFORMATION_FORMAT = "dwarf-with-dsym";
				ENABLE_NS_ASSERTIONS = NO;
				ENABLE_STRICT_OBJC_MSGSEND = YES;
				GCC_C_LANGUAGE_STANDARD = gnu11;
				GCC_NO_COMMON_BLOCKS = YES;
				GCC_WARN_64_TO_32_BIT_CONVERSION = YES;
				GCC_WARN_ABOUT_RETURN_TYPE = YES_ERROR;
				GCC_WARN_UNDECLARED_SELECTOR = YES;
				GCC_WARN_UNINITIALIZED_AUTOS = YES_AGGRESSIVE;
				GCC_WARN_UNUSED_FUNCTION = YES;
				GCC_WARN_UNUSED_VARIABLE = YES;
				IPHONEOS_DEPLOYMENT_TARGET = 11.3;
				MTL_ENABLE_DEBUG_INFO = NO;
				SDKROOT = iphoneos;
				SWIFT_COMPILATION_MODE = wholemodule;
				SWIFT_OPTIMIZATION_LEVEL = "-O";
				VALIDATE_PRODUCT = YES;
			};
			name = Release;
		};
		CFD54E2320A4B8CB007D25DD /* Debug */ = {
			isa = XCBuildConfiguration;
			buildSettings = {
				ASSETCATALOG_COMPILER_APPICON_NAME = AppIcon;
				CODE_SIGN_STYLE = Automatic;
				DEVELOPMENT_TEAM = 5BWY3VMTWF;
				INFOPLIST_FILE = MemeMe/Info.plist;
				IPHONEOS_DEPLOYMENT_TARGET = 11.0;
				LD_RUNPATH_SEARCH_PATHS = (
					"$(inherited)",
					"@executable_path/Frameworks",
				);
				PRODUCT_BUNDLE_IDENTIFIER = com.bernadettkiss.MemeMe;
				PRODUCT_NAME = "$(TARGET_NAME)";
				SWIFT_VERSION = 4.0;
				TARGETED_DEVICE_FAMILY = "1,2";
			};
			name = Debug;
		};
		CFD54E2420A4B8CB007D25DD /* Release */ = {
			isa = XCBuildConfiguration;
			buildSettings = {
				ASSETCATALOG_COMPILER_APPICON_NAME = AppIcon;
				CODE_SIGN_STYLE = Automatic;
				DEVELOPMENT_TEAM = 5BWY3VMTWF;
				INFOPLIST_FILE = MemeMe/Info.plist;
				IPHONEOS_DEPLOYMENT_TARGET = 11.0;
				LD_RUNPATH_SEARCH_PATHS = (
					"$(inherited)",
					"@executable_path/Frameworks",
				);
				PRODUCT_BUNDLE_IDENTIFIER = com.bernadettkiss.MemeMe;
				PRODUCT_NAME = "$(TARGET_NAME)";
				SWIFT_VERSION = 4.0;
				TARGETED_DEVICE_FAMILY = "1,2";
			};
			name = Release;
		};
/* End XCBuildConfiguration section */

/* Begin XCConfigurationList section */
		CFD54E0B20A4B8CA007D25DD /* Build configuration list for PBXProject "MemeMe" */ = {
			isa = XCConfigurationList;
			buildConfigurations = (
				CFD54E2020A4B8CB007D25DD /* Debug */,
				CFD54E2120A4B8CB007D25DD /* Release */,
			);
			defaultConfigurationIsVisible = 0;
			defaultConfigurationName = Release;
		};
		CFD54E2220A4B8CB007D25DD /* Build configuration list for PBXNativeTarget "MemeMe" */ = {
			isa = XCConfigurationList;
			buildConfigurations = (
				CFD54E2320A4B8CB007D25DD /* Debug */,
				CFD54E2420A4B8CB007D25DD /* Release */,
			);
			defaultConfigurationIsVisible = 0;
			defaultConfigurationName = Release;
		};
/* End XCConfigurationList section */
	};
	rootObject = CFD54E0820A4B8CA007D25DD /* Project object */;
}
